
Microsoft Visual Studio Solution File, Format Version 12.00
#
Project("{2150E333-8FDC-42A3-9474-1A3956D46DE8}") = "src", "src", "{FBC7AEC9-50A5-4AD6-B29B-BE5E2A397746}"
EndProject
Project("{FAE04EC0-301F-11D3-BF4B-00C04F79EFBC}") = "MtnMomo.NET", "src\MtnMomo.NET\MtnMomo.NET.csproj", "{110C6A2F-A873-4797-9B14-161304C38E62}"
EndProject
Project("{FAE04EC0-301F-11D3-BF4B-00C04F79EFBC}") = "Tests", "tests\Tests.csproj", "{0BFBB752-7C10-46EB-B16E-59FDB73B341F}"
EndProject
Global
	GlobalSection(SolutionConfigurationPlatforms) = preSolution
		Debug|Any CPU = Debug|Any CPU
		Debug|x64 = Debug|x64
		Debug|x86 = Debug|x86
		Release|Any CPU = Release|Any CPU
		Release|x64 = Release|x64
		Release|x86 = Release|x86
	EndGlobalSection
	GlobalSection(ProjectConfigurationPlatforms) = postSolution
		{110C6A2F-A873-4797-9B14-161304C38E62}.Debug|Any CPU.ActiveCfg = Debug|Any CPU
		{110C6A2F-A873-4797-9B14-161304C38E62}.Debug|Any CPU.Build.0 = Debug|Any CPU
		{110C6A2F-A873-4797-9B14-161304C38E62}.Debug|x64.ActiveCfg = Debug|Any CPU
		{110C6A2F-A873-4797-9B14-161304C38E62}.Debug|x64.Build.0 = Debug|Any CPU
		{110C6A2F-A873-4797-9B14-161304C38E62}.Debug|x86.ActiveCfg = Debug|Any CPU
		{110C6A2F-A873-4797-9B14-161304C38E62}.Debug|x86.Build.0 = Debug|Any CPU
		{110C6A2F-A873-4797-9B14-161304C38E62}.Release|Any CPU.ActiveCfg = Release|Any CPU
		{110C6A2F-A873-4797-9B14-161304C38E62}.Release|Any CPU.Build.0 = Release|Any CPU
		{110C6A2F-A873-4797-9B14-161304C38E62}.Release|x64.ActiveCfg = Release|Any CPU
		{110C6A2F-A873-4797-9B14-161304C38E62}.Release|x64.Build.0 = Release|Any CPU
		{110C6A2F-A873-4797-9B14-161304C38E62}.Release|x86.ActiveCfg = Release|Any CPU
		{110C6A2F-A873-4797-9B14-161304C38E62}.Release|x86.Build.0 = Release|Any CPU
		{0BFBB752-7C10-46EB-B16E-59FDB73B341F}.Debug|Any CPU.ActiveCfg = Debug|Any CPU
		{0BFBB752-7C10-46EB-B16E-59FDB73B341F}.Debug|Any CPU.Build.0 = Debug|Any CPU
		{0BFBB752-7C10-46EB-B16E-59FDB73B341F}.Debug|x64.ActiveCfg = Debug|Any CPU
		{0BFBB752-7C10-46EB-B16E-59FDB73B341F}.Debug|x64.Build.0 = Debug|Any CPU
		{0BFBB752-7C10-46EB-B16E-59FDB73B341F}.Debug|x86.ActiveCfg = Debug|Any CPU
		{0BFBB752-7C10-46EB-B16E-59FDB73B341F}.Debug|x86.Build.0 = Debug|Any CPU
		{0BFBB752-7C10-46EB-B16E-59FDB73B341F}.Release|Any CPU.ActiveCfg = Release|Any CPU
		{0BFBB752-7C10-46EB-B16E-59FDB73B341F}.Release|Any CPU.Build.0 = Release|Any CPU
		{0BFBB752-7C10-46EB-B16E-59FDB73B341F}.Release|x64.ActiveCfg = Release|Any CPU
		{0BFBB752-7C10-46EB-B16E-59FDB73B341F}.Release|x64.Build.0 = Release|Any CPU
		{0BFBB752-7C10-46EB-B16E-59FDB73B341F}.Release|x86.ActiveCfg = Release|Any CPU
		{0BFBB752-7C10-46EB-B16E-59FDB73B341F}.Release|x86.Build.0 = Release|Any CPU
	EndGlobalSection
	GlobalSection(NestedProjects) = preSolution
		{110C6A2F-A873-4797-9B14-161304C38E62} = {FBC7AEC9-50A5-4AD6-B29B-BE5E2A397746}
	EndGlobalSection
EndGlobal
